// !$*UTF8*$!
{
	archiveVersion = 1;
	classes = {
	};
	objectVersion = 46;
	objects = {

/* Begin PBXBuildFile section */
		9004B7411AE4264500859683 /* AppDelegate.swift in Sources */ = {isa = PBXBuildFile; fileRef = 9004B7401AE4264500859683 /* AppDelegate.swift */; };
		9004B7431AE4264500859683 /* ViewController.swift in Sources */ = {isa = PBXBuildFile; fileRef = 9004B7421AE4264500859683 /* ViewController.swift */; };
		9004B7461AE4264500859683 /* Main.storyboard in Resources */ = {isa = PBXBuildFile; fileRef = 9004B7441AE4264500859683 /* Main.storyboard */; };
		9004B7481AE4264500859683 /* Images.xcassets in Resources */ = {isa = PBXBuildFile; fileRef = 9004B7471AE4264500859683 /* Images.xcassets */; };
		9004B74B1AE4264500859683 /* LaunchScreen.xib in Resources */ = {isa = PBXBuildFile; fileRef = 9004B7491AE4264500859683 /* LaunchScreen.xib */; };
		9004B7571AE4264500859683 /* SwiftExampleTests.swift in Sources */ = {isa = PBXBuildFile; fileRef = 9004B7561AE4264500859683 /* SwiftExampleTests.swift */; };
/* End PBXBuildFile section */

/* Begin PBXContainerItemProxy section */
		9004B7511AE4264500859683 /* PBXContainerItemProxy */ = {
			isa = PBXContainerItemProxy;
			containerPortal = 9004B7331AE4264500859683 /* Project object */;
			proxyType = 1;
			remoteGlobalIDString = 9004B73A1AE4264500859683;
			remoteInfo = SwiftExample;
		};
/* End PBXContainerItemProxy section */

/* Begin PBXFileReference section */
		9004B73B1AE4264500859683 /* SwiftExample.app */ = {isa = PBXFileReference; explicitFileType = wrapper.application; includeInIndex = 0; path = SwiftExample.app; sourceTree = BUILT_PRODUCTS_DIR; };
		9004B73F1AE4264500859683 /* Info.plist */ = {isa = PBXFileReference; lastKnownFileType = text.plist.xml; path = Info.plist; sourceTree = "<group>"; };
		9004B7401AE4264500859683 /* AppDelegate.swift */ = {isa = PBXFileReference; lastKnownFileType = sourcecode.swift; path = AppDelegate.swift; sourceTree = "<group>"; };
		9004B7421AE4264500859683 /* ViewController.swift */ = {isa = PBXFileReference; lastKnownFileType = sourcecode.swift; path = ViewController.swift; sourceTree = "<group>"; };
		9004B7451AE4264500859683 /* Base */ = {isa = PBXFileReference; lastKnownFileType = file.storyboard; name = Base; path = Base.lproj/Main.storyboard; sourceTree = "<group>"; };
		9004B7471AE4264500859683 /* Images.xcassets */ = {isa = PBXFileReference; lastKnownFileType = folder.assetcatalog; path = Images.xcassets; sourceTree = "<group>"; };
		9004B74A1AE4264500859683 /* Base */ = {isa = PBXFileReference; lastKnownFileType = file.xib; name = Base; path = Base.lproj/LaunchScreen.xib; sourceTree = "<group>"; };
		9004B7501AE4264500859683 /* SwiftExampleTests.xctest */ = {isa = PBXFileReference; explicitFileType = wrapper.cfbundle; includeInIndex = 0; path = SwiftExampleTests.xctest; sourceTree = BUILT_PRODUCTS_DIR; };
		9004B7551AE4264500859683 /* Info.plist */ = {isa = PBXFileReference; lastKnownFileType = text.plist.xml; path = Info.plist; sourceTree = "<group>"; };
		9004B7561AE4264500859683 /* SwiftExampleTests.swift */ = {isa = PBXFileReference; lastKnownFileType = sourcecode.swift; path = SwiftExampleTests.swift; sourceTree = "<group>"; };
/* End PBXFileReference section */

/* Begin PBXFrameworksBuildPhase section */
		9004B7381AE4264500859683 /* Frameworks */ = {
			isa = PBXFrameworksBuildPhase;
			buildActionMask = 2147483647;
			files = (
			);
			runOnlyForDeploymentPostprocessing = 0;
		};
		9004B74D1AE4264500859683 /* Frameworks */ = {
			isa = PBXFrameworksBuildPhase;
			buildActionMask = 2147483647;
			files = (
			);
			runOnlyForDeploymentPostprocessing = 0;
		};
/* End PBXFrameworksBuildPhase section */

/* Begin PBXGroup section */
		9004B7321AE4264500859683 = {
			isa = PBXGroup;
			children = (
				9004B73D1AE4264500859683 /* SwiftExample */,
				9004B7531AE4264500859683 /* SwiftExampleTests */,
				9004B73C1AE4264500859683 /* Products */,
			);
			sourceTree = "<group>";
		};
		9004B73C1AE4264500859683 /* Products */ = {
			isa = PBXGroup;
			children = (
				9004B73B1AE4264500859683 /* SwiftExample.app */,
				9004B7501AE4264500859683 /* SwiftExampleTests.xctest */,
			);
			name = Products;
			sourceTree = "<group>";
		};
		9004B73D1AE4264500859683 /* SwiftExample */ = {
			isa = PBXGroup;
			children = (
				9004B7401AE4264500859683 /* AppDelegate.swift */,
				9004B7421AE4264500859683 /* ViewController.swift */,
				9004B7441AE4264500859683 /* Main.storyboard */,
				9004B7471AE4264500859683 /* Images.xcassets */,
				9004B7491AE4264500859683 /* LaunchScreen.xib */,
				9004B73E1AE4264500859683 /* Supporting Files */,
			);
			path = SwiftExample;
			sourceTree = "<group>";
		};
		9004B73E1AE4264500859683 /* Supporting Files */ = {
			isa = PBXGroup;
			children = (
				9004B73F1AE4264500859683 /* Info.plist */,
			);
			name = "Supporting Files";
			sourceTree = "<group>";
		};
		9004B7531AE4264500859683 /* SwiftExampleTests */ = {
			isa = PBXGroup;
			children = (
				9004B7561AE4264500859683 /* SwiftExampleTests.swift */,
				9004B7541AE4264500859683 /* Supporting Files */,
			);
			path = SwiftExampleTests;
			sourceTree = "<group>";
		};
		9004B7541AE4264500859683 /* Supporting Files */ = {
			isa = PBXGroup;
			children = (
				9004B7551AE4264500859683 /* Info.plist */,
			);
			name = "Supporting Files";
			sourceTree = "<group>";
		};
/* End PBXGroup section */

/* Begin PBXNativeTarget section */
		9004B73A1AE4264500859683 /* SwiftExample */ = {
			isa = PBXNativeTarget;
			buildConfigurationList = 9004B75A1AE4264500859683 /* Build configuration list for PBXNativeTarget "SwiftExample" */;
			buildPhases = (
				9004B7371AE4264500859683 /* Sources */,
				9004B7381AE4264500859683 /* Frameworks */,
				9004B7391AE4264500859683 /* Resources */,
			);
			buildRules = (
			);
			dependencies = (
			);
			name = SwiftExample;
			productName = SwiftExample;
			productReference = 9004B73B1AE4264500859683 /* SwiftExample.app */;
			productType = "com.apple.product-type.application";
		};
		9004B74F1AE4264500859683 /* SwiftExampleTests */ = {
			isa = PBXNativeTarget;
			buildConfigurationList = 9004B75D1AE4264500859683 /* Build configuration list for PBXNativeTarget "SwiftExampleTests" */;
			buildPhases = (
				9004B74C1AE4264500859683 /* Sources */,
				9004B74D1AE4264500859683 /* Frameworks */,
				9004B74E1AE4264500859683 /* Resources */,
			);
			buildRules = (
			);
			dependencies = (
				9004B7521AE4264500859683 /* PBXTargetDependency */,
			);
			name = SwiftExampleTests;
			productName = SwiftExampleTests;
			productReference = 9004B7501AE4264500859683 /* SwiftExampleTests.xctest */;
			productType = "com.apple.product-type.bundle.unit-test";
		};
/* End PBXNativeTarget section */

/* Begin PBXProject section */
		9004B7331AE4264500859683 /* Project object */ = {
			isa = PBXProject;
			attributes = {
				LastUpgradeCheck = 0610;
				ORGANIZATIONNAME = Naithar;
				TargetAttributes = {
					9004B73A1AE4264500859683 = {
						CreatedOnToolsVersion = 6.1.1;
					};
					9004B74F1AE4264500859683 = {
						CreatedOnToolsVersion = 6.1.1;
						TestTargetID = 9004B73A1AE4264500859683;
					};
				};
			};
			buildConfigurationList = 9004B7361AE4264500859683 /* Build configuration list for PBXProject "SwiftExample" */;
			compatibilityVersion = "Xcode 3.2";
			developmentRegion = English;
			hasScannedForEncodings = 0;
			knownRegions = (
				en,
				Base,
			);
			mainGroup = 9004B7321AE4264500859683;
			productRefGroup = 9004B73C1AE4264500859683 /* Products */;
			projectDirPath = "";
			projectRoot = "";
			targets = (
				9004B73A1AE4264500859683 /* SwiftExample */,
				9004B74F1AE4264500859683 /* SwiftExampleTests */,
			);
		};
/* End PBXProject section */

/* Begin PBXResourcesBuildPhase section */
		9004B7391AE4264500859683 /* Resources */ = {
			isa = PBXResourcesBuildPhase;
			buildActionMask = 2147483647;
			files = (
				9004B7461AE4264500859683 /* Main.storyboard in Resources */,
				9004B74B1AE4264500859683 /* LaunchScreen.xib in Resources */,
				9004B7481AE4264500859683 /* Images.xcassets in Resources */,
			);
			runOnlyForDeploymentPostprocessing = 0;
		};
		9004B74E1AE4264500859683 /* Resources */ = {
			isa = PBXResourcesBuildPhase;
			buildActionMask = 2147483647;
			files = (
			);
			runOnlyForDeploymentPostprocessing = 0;
		};
/* End PBXResourcesBuildPhase section */

/* Begin PBXSourcesBuildPhase section */
		9004B7371AE4264500859683 /* Sources */ = {
			isa = PBXSourcesBuildPhase;
			buildActionMask = 2147483647;
			files = (
				9004B7431AE4264500859683 /* ViewController.swift in Sources */,
				9004B7411AE4264500859683 /* AppDelegate.swift in Sources */,
			);
			runOnlyForDeploymentPostprocessing = 0;
		};
		9004B74C1AE4264500859683 /* Sources */ = {
			isa = PBXSourcesBuildPhase;
			buildActionMask = 2147483647;
			files = (
				9004B7571AE4264500859683 /* SwiftExampleTests.swift in Sources */,
			);
			runOnlyForDeploymentPostprocessing = 0;
		};
/* End PBXSourcesBuildPhase section */

/* Begin PBXTargetDependency section */
		9004B7521AE4264500859683 /* PBXTargetDependency */ = {
			isa = PBXTargetDependency;
			target = 9004B73A1AE4264500859683 /* SwiftExample */;
			targetProxy = 9004B7511AE4264500859683 /* PBXContainerItemProxy */;
		};
/* End PBXTargetDependency section */

/* Begin PBXVariantGroup section */
		9004B7441AE4264500859683 /* Main.storyboard */ = {
			isa = PBXVariantGroup;
			children = (
				9004B7451AE4264500859683 /* Base */,
			);
			name = Main.storyboard;
			sourceTree = "<group>";
		};
		9004B7491AE4264500859683 /* LaunchScreen.xib */ = {
			isa = PBXVariantGroup;
			children = (
				9004B74A1AE4264500859683 /* Base */,
			);
			name = LaunchScreen.xib;
			sourceTree = "<group>";
		};
/* End PBXVariantGroup section */

/* Begin XCBuildConfiguration section */
		9004B7581AE4264500859683 /* Debug */ = {
			isa = XCBuildConfiguration;
			buildSettings = {
				ALWAYS_SEARCH_USER_PATHS = NO;
				CLANG_CXX_LANGUAGE_STANDARD = "gnu++0x";
				CLANG_CXX_LIBRARY = "libc++";
				CLANG_ENABLE_MODULES = YES;
				CLANG_ENABLE_OBJC_ARC = YES;
				CLANG_WARN_BOOL_CONVERSION = YES;
				CLANG_WARN_CONSTANT_CONVERSION = YES;
				CLANG_WARN_DIRECT_OBJC_ISA_USAGE = YES_ERROR;
				CLANG_WARN_EMPTY_BODY = YES;
				CLANG_WARN_ENUM_CONVERSION = YES;
				CLANG_WARN_INT_CONVERSION = YES;
				CLANG_WARN_OBJC_ROOT_CLASS = YES_ERROR;
				CLANG_WARN_UNREACHABLE_CODE = YES;
				CLANG_WARN__DUPLICATE_METHOD_MATCH = YES;
				"CODE_SIGN_IDENTITY[sdk=iphoneos*]" = "iPhone Developer";
				COPY_PHASE_STRIP = NO;
				ENABLE_STRICT_OBJC_MSGSEND = YES;
				GCC_C_LANGUAGE_STANDARD = gnu99;
				GCC_DYNAMIC_NO_PIC = NO;
				GCC_OPTIMIZATION_LEVEL = 0;
				GCC_PREPROCESSOR_DEFINITIONS = (
					"DEBUG=1",
					"$(inherited)",
				);
				GCC_SYMBOLS_PRIVATE_EXTERN = NO;
				GCC_WARN_64_TO_32_BIT_CONVERSION = YES;
				GCC_WARN_ABOUT_RETURN_TYPE = YES_ERROR;
				GCC_WARN_UNDECLARED_SELECTOR = YES;
				GCC_WARN_UNINITIALIZED_AUTOS = YES_AGGRESSIVE;
				GCC_WARN_UNUSED_FUNCTION = YES;
				GCC_WARN_UNUSED_VARIABLE = YES;
				IPHONEOS_DEPLOYMENT_TARGET = 8.1;
				MTL_ENABLE_DEBUG_INFO = YES;
				ONLY_ACTIVE_ARCH = YES;
				SDKROOT = iphoneos;
				SWIFT_OPTIMIZATION_LEVEL = "-Onone";
				TARGETED_DEVICE_FAMILY = "1,2";
			};
			name = Debug;
		};
		9004B7591AE4264500859683 /* Release */ = {
			isa = XCBuildConfiguration;
			buildSettings = {
				ALWAYS_SEARCH_USER_PATHS = NO;
				CLANG_CXX_LANGUAGE_STANDARD = "gnu++0x";
				CLANG_CXX_LIBRARY = "libc++";
				CLANG_ENABLE_MODULES = YES;
				CLANG_ENABLE_OBJC_ARC = YES;
				CLANG_WARN_BOOL_CONVERSION = YES;
				CLANG_WARN_CONSTANT_CONVERSION = YES;
				CLANG_WARN_DIRECT_OBJC_ISA_USAGE = YES_ERROR;
				CLANG_WARN_EMPTY_BODY = YES;
				CLANG_WARN_ENUM_CONVERSION = YES;
				CLANG_WARN_INT_CONVERSION = YES;
				CLANG_WARN_OBJC_ROOT_CLASS = YES_ERROR;
				CLANG_WARN_UNREACHABLE_CODE = YES;
				CLANG_WARN__DUPLICATE_METHOD_MATCH = YES;
				"CODE_SIGN_IDENTITY[sdk=iphoneos*]" = "iPhone Developer";
				COPY_PHASE_STRIP = YES;
				ENABLE_NS_ASSERTIONS = NO;
				ENABLE_STRICT_OBJC_MSGSEND = YES;
				GCC_C_LANGUAGE_STANDARD = gnu99;
				GCC_WARN_64_TO_32_BIT_CONVERSION = YES;
				GCC_WARN_ABOUT_RETURN_TYPE = YES_ERROR;
				GCC_WARN_UNDECLARED_SELECTOR = YES;
				GCC_WARN_UNINITIALIZED_AUTOS = YES_AGGRESSIVE;
				GCC_WARN_UNUSED_FUNCTION = YES;
				GCC_WARN_UNUSED_VARIABLE = YES;
				IPHONEOS_DEPLOYMENT_TARGET = 8.1;
				MTL_ENABLE_DEBUG_INFO = NO;
				SDKROOT = iphoneos;
				TARGETED_DEVICE_FAMILY = "1,2";
				VALIDATE_PRODUCT = YES;
			};
			name = Release;
		};
		9004B75B1AE4264500859683 /* Debug */ = {
			isa = XCBuildConfiguration;
			buildSettings = {
				ASSETCATALOG_COMPILER_APPICON_NAME = AppIcon;
				INFOPLIST_FILE = SwiftExample/Info.plist;
				LD_RUNPATH_SEARCH_PATHS = "$(inherited) @executable_path/Frameworks";
				PRODUCT_NAME = "$(TARGET_NAME)";
			};
			name = Debug;
		};
		9004B75C1AE4264500859683 /* Release */ = {
			isa = XCBuildConfiguration;
			buildSettings = {
				ASSETCATALOG_COMPILER_APPICON_NAME = AppIcon;
				INFOPLIST_FILE = SwiftExample/Info.plist;
				LD_RUNPATH_SEARCH_PATHS = "$(inherited) @executable_path/Frameworks";
				PRODUCT_NAME = "$(TARGET_NAME)";
			};
			name = Release;
		};
		9004B75E1AE4264500859683 /* Debug */ = {
			isa = XCBuildConfiguration;
			buildSettings = {
				BUNDLE_LOADER = "$(TEST_HOST)";
				FRAMEWORK_SEARCH_PATHS = (
					"$(SDKROOT)/Developer/Library/Frameworks",
					"$(inherited)",
				);
				GCC_PREPROCESSOR_DEFINITIONS = (
					"DEBUG=1",
					"$(inherited)",
				);
				INFOPLIST_FILE = SwiftExampleTests/Info.plist;
				LD_RUNPATH_SEARCH_PATHS = "$(inherited) @executable_path/Frameworks @loader_path/Frameworks";
				PRODUCT_NAME = "$(TARGET_NAME)";
				TEST_HOST = "$(BUILT_PRODUCTS_DIR)/SwiftExample.app/SwiftExample";
			};
			name = Debug;
		};
		9004B75F1AE4264500859683 /* Release */ = {
			isa = XCBuildConfiguration;
			buildSettings = {
				BUNDLE_LOADER = "$(TEST_HOST)";
				FRAMEWORK_SEARCH_PATHS = (
					"$(SDKROOT)/Developer/Library/Frameworks",
					"$(inherited)",
				);
				INFOPLIST_FILE = SwiftExampleTests/Info.plist;
				LD_RUNPATH_SEARCH_PATHS = "$(inherited) @executable_path/Frameworks @loader_path/Frameworks";
				PRODUCT_NAME = "$(TARGET_NAME)";
				TEST_HOST = "$(BUILT_PRODUCTS_DIR)/SwiftExample.app/SwiftExample";
			};
			name = Release;
		};
/* End XCBuildConfiguration section */

/* Begin XCConfigurationList section */
		9004B7361AE4264500859683 /* Build configuration list for PBXProject "SwiftExample" */ = {
			isa = XCConfigurationList;
			buildConfigurations = (
				9004B7581AE4264500859683 /* Debug */,
				9004B7591AE4264500859683 /* Release */,
			);
			defaultConfigurationIsVisible = 0;
			defaultConfigurationName = Release;
		};
		9004B75A1AE4264500859683 /* Build configuration list for PBXNativeTarget "SwiftExample" */ = {
			isa = XCConfigurationList;
			buildConfigurations = (
				9004B75B1AE4264500859683 /* Debug */,
				9004B75C1AE4264500859683 /* Release */,
			);
			defaultConfigurationIsVisible = 0;
		};
		9004B75D1AE4264500859683 /* Build configuration list for PBXNativeTarget "SwiftExampleTests" */ = {
			isa = XCConfigurationList;
			buildConfigurations = (
				9004B75E1AE4264500859683 /* Debug */,
				9004B75F1AE4264500859683 /* Release */,
			);
			defaultConfigurationIsVisible = 0;
		};
/* End XCConfigurationList section */
	};
	rootObject = 9004B7331AE4264500859683 /* Project object */;
}
